
Microsoft Visual Studio Solution File, Format Version 12.00
# Visual Studio Version 17
VisualStudioVersion = 17.14.36203.30
MinimumVisualStudioVersion = 10.0.40219.1
Project("{FAE04EC0-301F-11D3-BF4B-00C04F79EFBC}") = "ECommerceAPI", "ECommerceAPI\ECommerceAPI.csproj", "{A5A80784-1107-4428-922C-47CDA467E14D}"
EndProject
Project("{54A90642-561A-4BB1-A94E-469ADEE60C69}") = "EcommerceFE", "AngularProject1\EcommerceFE.esproj", "{A578895C-B752-2798-EE8D-213AB9FABA71}"
EndProject
Global
	GlobalSection(SolutionConfigurationPlatforms) = preSolution
		Debug|Any CPU = Debug|Any CPU
		Release|Any CPU = Release|Any CPU
	EndGlobalSection
	GlobalSection(ProjectConfigurationPlatforms) = postSolution
		{A5A80784-1107-4428-922C-47CDA467E14D}.Debug|Any CPU.ActiveCfg = Debug|Any CPU
		{A5A80784-1107-4428-922C-47CDA467E14D}.Debug|Any CPU.Build.0 = Debug|Any CPU
		{A5A80784-1107-4428-922C-47CDA467E14D}.Release|Any CPU.ActiveCfg = Release|Any CPU
		{A5A80784-1107-4428-922C-47CDA467E14D}.Release|Any CPU.Build.0 = Release|Any CPU
		{A578895C-B752-2798-EE8D-213AB9FABA71}.Debug|Any CPU.ActiveCfg = Debug|Any CPU
		{A578895C-B752-2798-EE8D-213AB9FABA71}.Debug|Any CPU.Build.0 = Debug|Any CPU
		{A578895C-B752-2798-EE8D-213AB9FABA71}.Debug|Any CPU.Deploy.0 = Debug|Any CPU
		{A578895C-B752-2798-EE8D-213AB9FABA71}.Release|Any CPU.ActiveCfg = Release|Any CPU
		{A578895C-B752-2798-EE8D-213AB9FABA71}.Release|Any CPU.Build.0 = Release|Any CPU
		{A578895C-B752-2798-EE8D-213AB9FABA71}.Release|Any CPU.Deploy.0 = Release|Any CPU
	EndGlobalSection
	GlobalSection(SolutionProperties) = preSolution
		HideSolutionNode = FALSE
	EndGlobalSection
	GlobalSection(ExtensibilityGlobals) = postSolution
		SolutionGuid = {9614D4C9-9856-46B8-97EB-B2AA7B7F80C8}
	EndGlobalSection
EndGlobal
